// !$*UTF8*$!
{
	archiveVersion = 1;
	classes = {
	};
	objectVersion = 55;
	objects = {

/* Begin PBXBuildFile section */
		0A142A0B29BAE3D500930A3C /* KeychainWrapper.swift in Sources */ = {isa = PBXBuildFile; fileRef = 0A142A0A29BAE3D500930A3C /* KeychainWrapper.swift */; };
		0A142A0E29BAEEA500930A3C /* OTPViewModel.swift in Sources */ = {isa = PBXBuildFile; fileRef = 0A142A0D29BAEEA500930A3C /* OTPViewModel.swift */; };
		0A142A1129BAEF1E00930A3C /* OTPModel.swift in Sources */ = {isa = PBXBuildFile; fileRef = 0A142A1029BAEF1E00930A3C /* OTPModel.swift */; };
		0A142A1329BAF21C00930A3C /* NoteViewModel.swift in Sources */ = {isa = PBXBuildFile; fileRef = 0A142A1229BAF21C00930A3C /* NoteViewModel.swift */; };
		185F70DF29B8E8DB00A63929 /* EnterPhoneNumberVC.swift in Sources */ = {isa = PBXBuildFile; fileRef = 185F70DE29B8E8DB00A63929 /* EnterPhoneNumberVC.swift */; };
		185F70E129B8E90300A63929 /* EnterOtpVC.swift in Sources */ = {isa = PBXBuildFile; fileRef = 185F70E029B8E90300A63929 /* EnterOtpVC.swift */; };
		185F70EA29BB1C1B00A63929 /* TabbarController.swift in Sources */ = {isa = PBXBuildFile; fileRef = 185F70E929BB1C1B00A63929 /* TabbarController.swift */; };
		18DD7E6F29B7880200E2ACE9 /* AppDelegate.swift in Sources */ = {isa = PBXBuildFile; fileRef = 18DD7E6E29B7880200E2ACE9 /* AppDelegate.swift */; };
		18DD7E7129B7880200E2ACE9 /* SceneDelegate.swift in Sources */ = {isa = PBXBuildFile; fileRef = 18DD7E7029B7880200E2ACE9 /* SceneDelegate.swift */; };
		18DD7E7329B7880200E2ACE9 /* NotesVC.swift in Sources */ = {isa = PBXBuildFile; fileRef = 18DD7E7229B7880200E2ACE9 /* NotesVC.swift */; };
		18DD7E7629B7880200E2ACE9 /* Main.storyboard in Resources */ = {isa = PBXBuildFile; fileRef = 18DD7E7429B7880200E2ACE9 /* Main.storyboard */; };
		18DD7E7829B7880400E2ACE9 /* Assets.xcassets in Resources */ = {isa = PBXBuildFile; fileRef = 18DD7E7729B7880400E2ACE9 /* Assets.xcassets */; };
		18DD7E7B29B7880400E2ACE9 /* LaunchScreen.storyboard in Resources */ = {isa = PBXBuildFile; fileRef = 18DD7E7929B7880400E2ACE9 /* LaunchScreen.storyboard */; };
/* End PBXBuildFile section */

/* Begin PBXFileReference section */
		0A142A0A29BAE3D500930A3C /* KeychainWrapper.swift */ = {isa = PBXFileReference; lastKnownFileType = sourcecode.swift; path = KeychainWrapper.swift; sourceTree = "<group>"; };
		0A142A0D29BAEEA500930A3C /* OTPViewModel.swift */ = {isa = PBXFileReference; lastKnownFileType = sourcecode.swift; path = OTPViewModel.swift; sourceTree = "<group>"; };
		0A142A1029BAEF1E00930A3C /* OTPModel.swift */ = {isa = PBXFileReference; lastKnownFileType = sourcecode.swift; path = OTPModel.swift; sourceTree = "<group>"; };
		0A142A1229BAF21C00930A3C /* NoteViewModel.swift */ = {isa = PBXFileReference; lastKnownFileType = sourcecode.swift; path = NoteViewModel.swift; sourceTree = "<group>"; };
		185F70DE29B8E8DB00A63929 /* EnterPhoneNumberVC.swift */ = {isa = PBXFileReference; lastKnownFileType = sourcecode.swift; path = EnterPhoneNumberVC.swift; sourceTree = "<group>"; };
		185F70E029B8E90300A63929 /* EnterOtpVC.swift */ = {isa = PBXFileReference; lastKnownFileType = sourcecode.swift; path = EnterOtpVC.swift; sourceTree = "<group>"; };
		185F70E929BB1C1B00A63929 /* TabbarController.swift */ = {isa = PBXFileReference; lastKnownFileType = sourcecode.swift; path = TabbarController.swift; sourceTree = "<group>"; };
		18DD7E6B29B7880200E2ACE9 /* Poc.app */ = {isa = PBXFileReference; explicitFileType = wrapper.application; includeInIndex = 0; path = Poc.app; sourceTree = BUILT_PRODUCTS_DIR; };
		18DD7E6E29B7880200E2ACE9 /* AppDelegate.swift */ = {isa = PBXFileReference; lastKnownFileType = sourcecode.swift; path = AppDelegate.swift; sourceTree = "<group>"; };
		18DD7E7029B7880200E2ACE9 /* SceneDelegate.swift */ = {isa = PBXFileReference; lastKnownFileType = sourcecode.swift; path = SceneDelegate.swift; sourceTree = "<group>"; };
		18DD7E7229B7880200E2ACE9 /* NotesVC.swift */ = {isa = PBXFileReference; lastKnownFileType = sourcecode.swift; path = NotesVC.swift; sourceTree = "<group>"; };
		18DD7E7529B7880200E2ACE9 /* Base */ = {isa = PBXFileReference; lastKnownFileType = file.storyboard; name = Base; path = Base.lproj/Main.storyboard; sourceTree = "<group>"; };
		18DD7E7729B7880400E2ACE9 /* Assets.xcassets */ = {isa = PBXFileReference; lastKnownFileType = folder.assetcatalog; path = Assets.xcassets; sourceTree = "<group>"; };
		18DD7E7A29B7880400E2ACE9 /* Base */ = {isa = PBXFileReference; lastKnownFileType = file.storyboard; name = Base; path = Base.lproj/LaunchScreen.storyboard; sourceTree = "<group>"; };
		18DD7E7C29B7880400E2ACE9 /* Info.plist */ = {isa = PBXFileReference; lastKnownFileType = text.plist.xml; path = Info.plist; sourceTree = "<group>"; };
/* End PBXFileReference section */

/* Begin PBXFrameworksBuildPhase section */
		18DD7E6829B7880200E2ACE9 /* Frameworks */ = {
			isa = PBXFrameworksBuildPhase;
			buildActionMask = 2147483647;
			files = (
			);
			runOnlyForDeploymentPostprocessing = 0;
		};
/* End PBXFrameworksBuildPhase section */

/* Begin PBXGroup section */
		0A142A0C29BAEE9600930A3C /* viewModel */ = {
			isa = PBXGroup;
			children = (
				0A142A0D29BAEEA500930A3C /* OTPViewModel.swift */,
				0A142A1229BAF21C00930A3C /* NoteViewModel.swift */,
			);
			path = viewModel;
			sourceTree = "<group>";
		};
		0A142A0F29BAEF1200930A3C /* model */ = {
			isa = PBXGroup;
			children = (
				0A142A1029BAEF1E00930A3C /* OTPModel.swift */,
			);
			path = model;
			sourceTree = "<group>";
		};
		18DD7E6229B7880200E2ACE9 = {
			isa = PBXGroup;
			children = (
				18DD7E6D29B7880200E2ACE9 /* Poc */,
				18DD7E6C29B7880200E2ACE9 /* Products */,
			);
			sourceTree = "<group>";
		};
		18DD7E6C29B7880200E2ACE9 /* Products */ = {
			isa = PBXGroup;
			children = (
				18DD7E6B29B7880200E2ACE9 /* Poc.app */,
			);
			name = Products;
			sourceTree = "<group>";
		};
		18DD7E6D29B7880200E2ACE9 /* Poc */ = {
			isa = PBXGroup;
			children = (
				0A142A0F29BAEF1200930A3C /* model */,
				0A142A0C29BAEE9600930A3C /* viewModel */,
				18DD7E8329B850C800E2ACE9 /* storyboard */,
				18DD7E8229B8509C00E2ACE9 /* controllers */,
				18DD7E6E29B7880200E2ACE9 /* AppDelegate.swift */,
				18DD7E7029B7880200E2ACE9 /* SceneDelegate.swift */,
				18DD7E7729B7880400E2ACE9 /* Assets.xcassets */,
				18DD7E7929B7880400E2ACE9 /* LaunchScreen.storyboard */,
				18DD7E7C29B7880400E2ACE9 /* Info.plist */,
				0A142A0A29BAE3D500930A3C /* KeychainWrapper.swift */,
			);
			path = Poc;
			sourceTree = "<group>";
		};
		18DD7E8229B8509C00E2ACE9 /* controllers */ = {
			isa = PBXGroup;
			children = (
				18DD7E7229B7880200E2ACE9 /* NotesVC.swift */,
				185F70DE29B8E8DB00A63929 /* EnterPhoneNumberVC.swift */,
				185F70E029B8E90300A63929 /* EnterOtpVC.swift */,
				185F70E929BB1C1B00A63929 /* TabbarController.swift */,
			);
			path = controllers;
			sourceTree = "<group>";
		};
		18DD7E8329B850C800E2ACE9 /* storyboard */ = {
			isa = PBXGroup;
			children = (
				18DD7E7429B7880200E2ACE9 /* Main.storyboard */,
			);
			path = storyboard;
			sourceTree = "<group>";
		};
/* End PBXGroup section */

/* Begin PBXNativeTarget section */
		18DD7E6A29B7880200E2ACE9 /* Poc */ = {
			isa = PBXNativeTarget;
			buildConfigurationList = 18DD7E7F29B7880400E2ACE9 /* Build configuration list for PBXNativeTarget "Poc" */;
			buildPhases = (
				18DD7E6729B7880200E2ACE9 /* Sources */,
				18DD7E6829B7880200E2ACE9 /* Frameworks */,
				18DD7E6929B7880200E2ACE9 /* Resources */,
			);
			buildRules = (
			);
			dependencies = (
			);
			name = Poc;
			productName = Poc;
			productReference = 18DD7E6B29B7880200E2ACE9 /* Poc.app */;
			productType = "com.apple.product-type.application";
		};
/* End PBXNativeTarget section */

/* Begin PBXProject section */
		18DD7E6329B7880200E2ACE9 /* Project object */ = {
			isa = PBXProject;
			attributes = {
				BuildIndependentTargetsInParallel = 1;
				LastSwiftUpdateCheck = 1340;
				LastUpgradeCheck = 1340;
				TargetAttributes = {
					18DD7E6A29B7880200E2ACE9 = {
						CreatedOnToolsVersion = 13.4.1;
					};
				};
			};
			buildConfigurationList = 18DD7E6629B7880200E2ACE9 /* Build configuration list for PBXProject "Poc" */;
			compatibilityVersion = "Xcode 13.0";
			developmentRegion = en;
			hasScannedForEncodings = 0;
			knownRegions = (
				en,
				Base,
			);
			mainGroup = 18DD7E6229B7880200E2ACE9;
			productRefGroup = 18DD7E6C29B7880200E2ACE9 /* Products */;
			projectDirPath = "";
			projectRoot = "";
			targets = (
				18DD7E6A29B7880200E2ACE9 /* Poc */,
			);
		};
/* End PBXProject section */

/* Begin PBXResourcesBuildPhase section */
		18DD7E6929B7880200E2ACE9 /* Resources */ = {
			isa = PBXResourcesBuildPhase;
			buildActionMask = 2147483647;
			files = (
				18DD7E7B29B7880400E2ACE9 /* LaunchScreen.storyboard in Resources */,
				18DD7E7829B7880400E2ACE9 /* Assets.xcassets in Resources */,
				18DD7E7629B7880200E2ACE9 /* Main.storyboard in Resources */,
			);
			runOnlyForDeploymentPostprocessing = 0;
		};
/* End PBXResourcesBuildPhase section */

/* Begin PBXSourcesBuildPhase section */
		18DD7E6729B7880200E2ACE9 /* Sources */ = {
			isa = PBXSourcesBuildPhase;
			buildActionMask = 2147483647;
			files = (
				18DD7E7329B7880200E2ACE9 /* NotesVC.swift in Sources */,
				185F70DF29B8E8DB00A63929 /* EnterPhoneNumberVC.swift in Sources */,
				0A142A1329BAF21C00930A3C /* NoteViewModel.swift in Sources */,
				185F70EA29BB1C1B00A63929 /* TabbarController.swift in Sources */,
				18DD7E6F29B7880200E2ACE9 /* AppDelegate.swift in Sources */,
				0A142A0B29BAE3D500930A3C /* KeychainWrapper.swift in Sources */,
				18DD7E7129B7880200E2ACE9 /* SceneDelegate.swift in Sources */,
				0A142A1129BAEF1E00930A3C /* OTPModel.swift in Sources */,
				185F70E129B8E90300A63929 /* EnterOtpVC.swift in Sources */,
				0A142A0E29BAEEA500930A3C /* OTPViewModel.swift in Sources */,
			);
			runOnlyForDeploymentPostprocessing = 0;
		};
/* End PBXSourcesBuildPhase section */

/* Begin PBXVariantGroup section */
		18DD7E7429B7880200E2ACE9 /* Main.storyboard */ = {
			isa = PBXVariantGroup;
			children = (
				18DD7E7529B7880200E2ACE9 /* Base */,
			);
			name = Main.storyboard;
			sourceTree = "<group>";
		};
		18DD7E7929B7880400E2ACE9 /* LaunchScreen.storyboard */ = {
			isa = PBXVariantGroup;
			children = (
				18DD7E7A29B7880400E2ACE9 /* Base */,
			);
			name = LaunchScreen.storyboard;
			sourceTree = "<group>";
		};
/* End PBXVariantGroup section */

/* Begin XCBuildConfiguration section */
		18DD7E7D29B7880400E2ACE9 /* Debug */ = {
			isa = XCBuildConfiguration;
			buildSettings = {
				ALWAYS_SEARCH_USER_PATHS = NO;
				CLANG_ANALYZER_NONNULL = YES;
				CLANG_ANALYZER_NUMBER_OBJECT_CONVERSION = YES_AGGRESSIVE;
				CLANG_CXX_LANGUAGE_STANDARD = "gnu++17";
				CLANG_ENABLE_MODULES = YES;
				CLANG_ENABLE_OBJC_ARC = YES;
				CLANG_ENABLE_OBJC_WEAK = YES;
				CLANG_WARN_BLOCK_CAPTURE_AUTORELEASING = YES;
				CLANG_WARN_BOOL_CONVERSION = YES;
				CLANG_WARN_COMMA = YES;
				CLANG_WARN_CONSTANT_CONVERSION = YES;
				CLANG_WARN_DEPRECATED_OBJC_IMPLEMENTATIONS = YES;
				CLANG_WARN_DIRECT_OBJC_ISA_USAGE = YES_ERROR;
				CLANG_WARN_DOCUMENTATION_COMMENTS = YES;
				CLANG_WARN_EMPTY_BODY = YES;
				CLANG_WARN_ENUM_CONVERSION = YES;
				CLANG_WARN_INFINITE_RECURSION = YES;
				CLANG_WARN_INT_CONVERSION = YES;
				CLANG_WARN_NON_LITERAL_NULL_CONVERSION = YES;
				CLANG_WARN_OBJC_IMPLICIT_RETAIN_SELF = YES;
				CLANG_WARN_OBJC_LITERAL_CONVERSION = YES;
				CLANG_WARN_OBJC_ROOT_CLASS = YES_ERROR;
				CLANG_WARN_QUOTED_INCLUDE_IN_FRAMEWORK_HEADER = YES;
				CLANG_WARN_RANGE_LOOP_ANALYSIS = YES;
				CLANG_WARN_STRICT_PROTOTYPES = YES;
				CLANG_WARN_SUSPICIOUS_MOVE = YES;
				CLANG_WARN_UNGUARDED_AVAILABILITY = YES_AGGRESSIVE;
				CLANG_WARN_UNREACHABLE_CODE = YES;
				CLANG_WARN__DUPLICATE_METHOD_MATCH = YES;
				COPY_PHASE_STRIP = NO;
				DEBUG_INFORMATION_FORMAT = dwarf;
				ENABLE_STRICT_OBJC_MSGSEND = YES;
				ENABLE_TESTABILITY = YES;
				GCC_C_LANGUAGE_STANDARD = gnu11;
				GCC_DYNAMIC_NO_PIC = NO;
				GCC_NO_COMMON_BLOCKS = YES;
				GCC_OPTIMIZATION_LEVEL = 0;
				GCC_PREPROCESSOR_DEFINITIONS = (
					"DEBUG=1",
					"$(inherited)",
				);
				GCC_WARN_64_TO_32_BIT_CONVERSION = YES;
				GCC_WARN_ABOUT_RETURN_TYPE = YES_ERROR;
				GCC_WARN_UNDECLARED_SELECTOR = YES;
				GCC_WARN_UNINITIALIZED_AUTOS = YES_AGGRESSIVE;
				GCC_WARN_UNUSED_FUNCTION = YES;
				GCC_WARN_UNUSED_VARIABLE = YES;
				IPHONEOS_DEPLOYMENT_TARGET = 15.5;
				MTL_ENABLE_DEBUG_INFO = INCLUDE_SOURCE;
				MTL_FAST_MATH = YES;
				ONLY_ACTIVE_ARCH = YES;
				SDKROOT = iphoneos;
				SWIFT_ACTIVE_COMPILATION_CONDITIONS = DEBUG;
				SWIFT_OPTIMIZATION_LEVEL = "-Onone";
			};
			name = Debug;
		};
		18DD7E7E29B7880400E2ACE9 /* Release */ = {
			isa = XCBuildConfiguration;
			buildSettings = {
				ALWAYS_SEARCH_USER_PATHS = NO;
				CLANG_ANALYZER_NONNULL = YES;
				CLANG_ANALYZER_NUMBER_OBJECT_CONVERSION = YES_AGGRESSIVE;
				CLANG_CXX_LANGUAGE_STANDARD = "gnu++17";
				CLANG_ENABLE_MODULES = YES;
				CLANG_ENABLE_OBJC_ARC = YES;
				CLANG_ENABLE_OBJC_WEAK = YES;
				CLANG_WARN_BLOCK_CAPTURE_AUTORELEASING = YES;
				CLANG_WARN_BOOL_CONVERSION = YES;
				CLANG_WARN_COMMA = YES;
				CLANG_WARN_CONSTANT_CONVERSION = YES;
				CLANG_WARN_DEPRECATED_OBJC_IMPLEMENTATIONS = YES;
				CLANG_WARN_DIRECT_OBJC_ISA_USAGE = YES_ERROR;
				CLANG_WARN_DOCUMENTATION_COMMENTS = YES;
				CLANG_WARN_EMPTY_BODY = YES;
				CLANG_WARN_ENUM_CONVERSION = YES;
				CLANG_WARN_INFINITE_RECURSION = YES;
				CLANG_WARN_INT_CONVERSION = YES;
				CLANG_WARN_NON_LITERAL_NULL_CONVERSION = YES;
				CLANG_WARN_OBJC_IMPLICIT_RETAIN_SELF = YES;
				CLANG_WARN_OBJC_LITERAL_CONVERSION = YES;
				CLANG_WARN_OBJC_ROOT_CLASS = YES_ERROR;
				CLANG_WARN_QUOTED_INCLUDE_IN_FRAMEWORK_HEADER = YES;
				CLANG_WARN_RANGE_LOOP_ANALYSIS = YES;
				CLANG_WARN_STRICT_PROTOTYPES = YES;
				CLANG_WARN_SUSPICIOUS_MOVE = YES;
				CLANG_WARN_UNGUARDED_AVAILABILITY = YES_AGGRESSIVE;
				CLANG_WARN_UNREACHABLE_CODE = YES;
				CLANG_WARN__DUPLICATE_METHOD_MATCH = YES;
				COPY_PHASE_STRIP = NO;
				DEBUG_INFORMATION_FORMAT = "dwarf-with-dsym";
				ENABLE_NS_ASSERTIONS = NO;
				ENABLE_STRICT_OBJC_MSGSEND = YES;
				GCC_C_LANGUAGE_STANDARD = gnu11;
				GCC_NO_COMMON_BLOCKS = YES;
				GCC_WARN_64_TO_32_BIT_CONVERSION = YES;
				GCC_WARN_ABOUT_RETURN_TYPE = YES_ERROR;
				GCC_WARN_UNDECLARED_SELECTOR = YES;
				GCC_WARN_UNINITIALIZED_AUTOS = YES_AGGRESSIVE;
				GCC_WARN_UNUSED_FUNCTION = YES;
				GCC_WARN_UNUSED_VARIABLE = YES;
				IPHONEOS_DEPLOYMENT_TARGET = 15.5;
				MTL_ENABLE_DEBUG_INFO = NO;
				MTL_FAST_MATH = YES;
				SDKROOT = iphoneos;
				SWIFT_COMPILATION_MODE = wholemodule;
				SWIFT_OPTIMIZATION_LEVEL = "-O";
				VALIDATE_PRODUCT = YES;
			};
			name = Release;
		};
		18DD7E8029B7880400E2ACE9 /* Debug */ = {
			isa = XCBuildConfiguration;
			buildSettings = {
				ASSETCATALOG_COMPILER_APPICON_NAME = AppIcon;
				ASSETCATALOG_COMPILER_GLOBAL_ACCENT_COLOR_NAME = AccentColor;
				CODE_SIGN_STYLE = Automatic;
				CURRENT_PROJECT_VERSION = 1;
				DEVELOPMENT_TEAM = 8BV2N43Z9H;
				GENERATE_INFOPLIST_FILE = YES;
				INFOPLIST_FILE = Poc/Info.plist;
				INFOPLIST_KEY_CFBundleDisplayName = Assignment;
				INFOPLIST_KEY_UIApplicationSupportsIndirectInputEvents = YES;
				INFOPLIST_KEY_UILaunchStoryboardName = LaunchScreen;
				INFOPLIST_KEY_UIMainStoryboardFile = Main;
				INFOPLIST_KEY_UISupportedInterfaceOrientations_iPad = "UIInterfaceOrientationPortrait UIInterfaceOrientationPortraitUpsideDown UIInterfaceOrientationLandscapeLeft UIInterfaceOrientationLandscapeRight";
				INFOPLIST_KEY_UISupportedInterfaceOrientations_iPhone = "UIInterfaceOrientationPortrait UIInterfaceOrientationLandscapeLeft UIInterfaceOrientationLandscapeRight";
				LD_RUNPATH_SEARCH_PATHS = (
					"$(inherited)",
					"@executable_path/Frameworks",
				);
				MARKETING_VERSION = 1.0;
				PRODUCT_BUNDLE_IDENTIFIER = com.demo.assigment;
				PRODUCT_NAME = "$(TARGET_NAME)";
				SWIFT_EMIT_LOC_STRINGS = YES;
				SWIFT_VERSION = 5.0;
				TARGETED_DEVICE_FAMILY = "1,2";
			};
			name = Debug;
		};
		18DD7E8129B7880400E2ACE9 /* Release */ = {
			isa = XCBuildConfiguration;
			buildSettings = {
				ASSETCATALOG_COMPILER_APPICON_NAME = AppIcon;
				ASSETCATALOG_COMPILER_GLOBAL_ACCENT_COLOR_NAME = AccentColor;
				CODE_SIGN_STYLE = Automatic;
				CURRENT_PROJECT_VERSION = 1;
				DEVELOPMENT_TEAM = 8BV2N43Z9H;
				GENERATE_INFOPLIST_FILE = YES;
				INFOPLIST_FILE = Poc/Info.plist;
				INFOPLIST_KEY_CFBundleDisplayName = Assignment;
				INFOPLIST_KEY_UIApplicationSupportsIndirectInputEvents = YES;
				INFOPLIST_KEY_UILaunchStoryboardName = LaunchScreen;
				INFOPLIST_KEY_UIMainStoryboardFile = Main;
				INFOPLIST_KEY_UISupportedInterfaceOrientations_iPad = "UIInterfaceOrientationPortrait UIInterfaceOrientationPortraitUpsideDown UIInterfaceOrientationLandscapeLeft UIInterfaceOrientationLandscapeRight";
				INFOPLIST_KEY_UISupportedInterfaceOrientations_iPhone = "UIInterfaceOrientationPortrait UIInterfaceOrientationLandscapeLeft UIInterfaceOrientationLandscapeRight";
				LD_RUNPATH_SEARCH_PATHS = (
					"$(inherited)",
					"@executable_path/Frameworks",
				);
				MARKETING_VERSION = 1.0;
				PRODUCT_BUNDLE_IDENTIFIER = com.demo.assigment;
				PRODUCT_NAME = "$(TARGET_NAME)";
				SWIFT_EMIT_LOC_STRINGS = YES;
				SWIFT_VERSION = 5.0;
				TARGETED_DEVICE_FAMILY = "1,2";
			};
			name = Release;
		};
/* End XCBuildConfiguration section */

/* Begin XCConfigurationList section */
		18DD7E6629B7880200E2ACE9 /* Build configuration list for PBXProject "Poc" */ = {
			isa = XCConfigurationList;
			buildConfigurations = (
				18DD7E7D29B7880400E2ACE9 /* Debug */,
				18DD7E7E29B7880400E2ACE9 /* Release */,
			);
			defaultConfigurationIsVisible = 0;
			defaultConfigurationName = Release;
		};
		18DD7E7F29B7880400E2ACE9 /* Build configuration list for PBXNativeTarget "Poc" */ = {
			isa = XCConfigurationList;
			buildConfigurations = (
				18DD7E8029B7880400E2ACE9 /* Debug */,
				18DD7E8129B7880400E2ACE9 /* Release */,
			);
			defaultConfigurationIsVisible = 0;
			defaultConfigurationName = Release;
		};
/* End XCConfigurationList section */
	};
	rootObject = 18DD7E6329B7880200E2ACE9 /* Project object */;
}
